
Microsoft Visual Studio Solution File, Format Version 12.00
# Visual Studio 15
VisualStudioVersion = 15.0.26403.7
MinimumVisualStudioVersion = 10.0.40219.1
Project("{FAE04EC0-301F-11D3-BF4B-00C04F79EFBC}") = "Task_01_HelloWorld", "MyFirstProgram\Task_01_HelloWorld.csproj", "{D042727C-3F3C-4A09-8D5E-9CDCCB6D507D}"
EndProject
Project("{FAE04EC0-301F-11D3-BF4B-00C04F79EFBC}") = "Module03ValueTypes", "Module03ValueTypes\Module03ValueTypes.csproj", "{68A70E81-C4F7-4995-9B9F-59FA5BE520C9}"
EndProject
Global
	GlobalSection(SolutionConfigurationPlatforms) = preSolution
		Debug|Any CPU = Debug|Any CPU
		Release|Any CPU = Release|Any CPU
	EndGlobalSection
	GlobalSection(ProjectConfigurationPlatforms) = postSolution
		{D042727C-3F3C-4A09-8D5E-9CDCCB6D507D}.Debug|Any CPU.ActiveCfg = Debug|Any CPU
		{D042727C-3F3C-4A09-8D5E-9CDCCB6D507D}.Debug|Any CPU.Build.0 = Debug|Any CPU
		{D042727C-3F3C-4A09-8D5E-9CDCCB6D507D}.Release|Any CPU.ActiveCfg = Release|Any CPU
		{D042727C-3F3C-4A09-8D5E-9CDCCB6D507D}.Release|Any CPU.Build.0 = Release|Any CPU
		{68A70E81-C4F7-4995-9B9F-59FA5BE520C9}.Debug|Any CPU.ActiveCfg = Debug|Any CPU
		{68A70E81-C4F7-4995-9B9F-59FA5BE520C9}.Debug|Any CPU.Build.0 = Debug|Any CPU
		{68A70E81-C4F7-4995-9B9F-59FA5BE520C9}.Release|Any CPU.ActiveCfg = Release|Any CPU
		{68A70E81-C4F7-4995-9B9F-59FA5BE520C9}.Release|Any CPU.Build.0 = Release|Any CPU
	EndGlobalSection
	GlobalSection(SolutionProperties) = preSolution
		HideSolutionNode = FALSE
	EndGlobalSection
EndGlobal
